
Microsoft Visual Studio Solution File, Format Version 12.00
# Visual Studio Version 17
VisualStudioVersion = 17.5.002.0
MinimumVisualStudioVersion = 10.0.40219.1
Project("{9A19103F-16F7-4668-BE54-9A1E7A4F7556}") = "FuncTest", "FuncTest.csproj", "{8680A2FE-133E-400F-A69E-B50D1A23514D}"
EndProject
Global
	GlobalSection(SolutionConfigurationPlatforms) = preSolution
		Debug|Any CPU = Debug|Any CPU
		Release|Any CPU = Release|Any CPU
	EndGlobalSection
	GlobalSection(ProjectConfigurationPlatforms) = postSolution
		{8680A2FE-133E-400F-A69E-B50D1A23514D}.Debug|Any CPU.ActiveCfg = Debug|Any CPU
		{8680A2FE-133E-400F-A69E-B50D1A23514D}.Debug|Any CPU.Build.0 = Debug|Any CPU
		{8680A2FE-133E-400F-A69E-B50D1A23514D}.Release|Any CPU.ActiveCfg = Release|Any CPU
		{8680A2FE-133E-400F-A69E-B50D1A23514D}.Release|Any CPU.Build.0 = Release|Any CPU
	EndGlobalSection
	GlobalSection(SolutionProperties) = preSolution
		HideSolutionNode = FALSE
	EndGlobalSection
	GlobalSection(ExtensibilityGlobals) = postSolution
		SolutionGuid = {40732B63-2A48-4D62-934C-310A609649B0}
	EndGlobalSection
EndGlobal
